// !$*UTF8*$!
{
	archiveVersion = 1;
	classes = {
	};
	objectVersion = 46;
	objects = {

/* Begin PBXBuildFile section */
		205FEB3B1E6211110036CE80 /* AppDelegate.swift in Sources */ = {isa = PBXBuildFile; fileRef = 205FEB3A1E6211110036CE80 /* AppDelegate.swift */; };
		205FEB3D1E6211110036CE80 /* ViewController.swift in Sources */ = {isa = PBXBuildFile; fileRef = 205FEB3C1E6211110036CE80 /* ViewController.swift */; };
		205FEB401E6211110036CE80 /* Main.storyboard in Resources */ = {isa = PBXBuildFile; fileRef = 205FEB3E1E6211110036CE80 /* Main.storyboard */; };
		205FEB421E6211110036CE80 /* Assets.xcassets in Resources */ = {isa = PBXBuildFile; fileRef = 205FEB411E6211110036CE80 /* Assets.xcassets */; };
		205FEB451E6211110036CE80 /* LaunchScreen.storyboard in Resources */ = {isa = PBXBuildFile; fileRef = 205FEB431E6211110036CE80 /* LaunchScreen.storyboard */; };
/* End PBXBuildFile section */

/* Begin PBXFileReference section */
		205FEB371E6211110036CE80 /* textSpeaker.app */ = {isa = PBXFileReference; explicitFileType = wrapper.application; includeInIndex = 0; path = textSpeaker.app; sourceTree = BUILT_PRODUCTS_DIR; };
		205FEB3A1E6211110036CE80 /* AppDelegate.swift */ = {isa = PBXFileReference; lastKnownFileType = sourcecode.swift; path = AppDelegate.swift; sourceTree = "<group>"; };
		205FEB3C1E6211110036CE80 /* ViewController.swift */ = {isa = PBXFileReference; lastKnownFileType = sourcecode.swift; path = ViewController.swift; sourceTree = "<group>"; };
		205FEB3F1E6211110036CE80 /* Base */ = {isa = PBXFileReference; lastKnownFileType = file.storyboard; name = Base; path = Base.lproj/Main.storyboard; sourceTree = "<group>"; };
		205FEB411E6211110036CE80 /* Assets.xcassets */ = {isa = PBXFileReference; lastKnownFileType = folder.assetcatalog; path = Assets.xcassets; sourceTree = "<group>"; };
		205FEB441E6211110036CE80 /* Base */ = {isa = PBXFileReference; lastKnownFileType = file.storyboard; name = Base; path = Base.lproj/LaunchScreen.storyboard; sourceTree = "<group>"; };
		205FEB461E6211110036CE80 /* Info.plist */ = {isa = PBXFileReference; lastKnownFileType = text.plist.xml; path = Info.plist; sourceTree = "<group>"; };
/* End PBXFileReference section */

/* Begin PBXFrameworksBuildPhase section */
		205FEB341E6211110036CE80 /* Frameworks */ = {
			isa = PBXFrameworksBuildPhase;
			buildActionMask = 2147483647;
			files = (
			);
			runOnlyForDeploymentPostprocessing = 0;
		};
/* End PBXFrameworksBuildPhase section */

/* Begin PBXGroup section */
		205FEB2E1E6211110036CE80 = {
			isa = PBXGroup;
			children = (
				205FEB391E6211110036CE80 /* textSpeaker */,
				205FEB381E6211110036CE80 /* Products */,
			);
			sourceTree = "<group>";
		};
		205FEB381E6211110036CE80 /* Products */ = {
			isa = PBXGroup;
			children = (
				205FEB371E6211110036CE80 /* textSpeaker.app */,
			);
			name = Products;
			sourceTree = "<group>";
		};
		205FEB391E6211110036CE80 /* textSpeaker */ = {
			isa = PBXGroup;
			children = (
				205FEB3A1E6211110036CE80 /* AppDelegate.swift */,
				205FEB3C1E6211110036CE80 /* ViewController.swift */,
				205FEB3E1E6211110036CE80 /* Main.storyboard */,
				205FEB411E6211110036CE80 /* Assets.xcassets */,
				205FEB431E6211110036CE80 /* LaunchScreen.storyboard */,
				205FEB461E6211110036CE80 /* Info.plist */,
			);
			path = textSpeaker;
			sourceTree = "<group>";
		};
/* End PBXGroup section */

/* Begin PBXNativeTarget section */
		205FEB361E6211110036CE80 /* textSpeaker */ = {
			isa = PBXNativeTarget;
			buildConfigurationList = 205FEB491E6211110036CE80 /* Build configuration list for PBXNativeTarget "textSpeaker" */;
			buildPhases = (
				205FEB331E6211110036CE80 /* Sources */,
				205FEB341E6211110036CE80 /* Frameworks */,
				205FEB351E6211110036CE80 /* Resources */,
			);
			buildRules = (
			);
			dependencies = (
			);
			name = textSpeaker;
			productName = textSpeaker;
			productReference = 205FEB371E6211110036CE80 /* textSpeaker.app */;
			productType = "com.apple.product-type.application";
		};
/* End PBXNativeTarget section */

/* Begin PBXProject section */
		205FEB2F1E6211110036CE80 /* Project object */ = {
			isa = PBXProject;
			attributes = {
				LastSwiftUpdateCheck = 0820;
				LastUpgradeCheck = 0820;
				ORGANIZATIONNAME = KaWing;
				TargetAttributes = {
					205FEB361E6211110036CE80 = {
						CreatedOnToolsVersion = 8.2.1;
						ProvisioningStyle = Automatic;
					};
				};
			};
			buildConfigurationList = 205FEB321E6211110036CE80 /* Build configuration list for PBXProject "textSpeaker" */;
			compatibilityVersion = "Xcode 3.2";
			developmentRegion = English;
			hasScannedForEncodings = 0;
			knownRegions = (
				en,
				Base,
			);
			mainGroup = 205FEB2E1E6211110036CE80;
			productRefGroup = 205FEB381E6211110036CE80 /* Products */;
			projectDirPath = "";
			projectRoot = "";
			targets = (
				205FEB361E6211110036CE80 /* textSpeaker */,
			);
		};
/* End PBXProject section */

/* Begin PBXResourcesBuildPhase section */
		205FEB351E6211110036CE80 /* Resources */ = {
			isa = PBXResourcesBuildPhase;
			buildActionMask = 2147483647;
			files = (
				205FEB451E6211110036CE80 /* LaunchScreen.storyboard in Resources */,
				205FEB421E6211110036CE80 /* Assets.xcassets in Resources */,
				205FEB401E6211110036CE80 /* Main.storyboard in Resources */,
			);
			runOnlyForDeploymentPostprocessing = 0;
		};
/* End PBXResourcesBuildPhase section */

/* Begin PBXSourcesBuildPhase section */
		205FEB331E6211110036CE80 /* Sources */ = {
			isa = PBXSourcesBuildPhase;
			buildActionMask = 2147483647;
			files = (
				205FEB3D1E6211110036CE80 /* ViewController.swift in Sources */,
				205FEB3B1E6211110036CE80 /* AppDelegate.swift in Sources */,
			);
			runOnlyForDeploymentPostprocessing = 0;
		};
/* End PBXSourcesBuildPhase section */

/* Begin PBXVariantGroup section */
		205FEB3E1E6211110036CE80 /* Main.storyboard */ = {
			isa = PBXVariantGroup;
			children = (
				205FEB3F1E6211110036CE80 /* Base */,
			);
			name = Main.storyboard;
			sourceTree = "<group>";
		};
		205FEB431E6211110036CE80 /* LaunchScreen.storyboard */ = {
			isa = PBXVariantGroup;
			children = (
				205FEB441E6211110036CE80 /* Base */,
			);
			name = LaunchScreen.storyboard;
			sourceTree = "<group>";
		};
/* End PBXVariantGroup section */

/* Begin XCBuildConfiguration section */
		205FEB471E6211110036CE80 /* Debug */ = {
			isa = XCBuildConfiguration;
			buildSettings = {
				ALWAYS_SEARCH_USER_PATHS = NO;
				CLANG_ANALYZER_NONNULL = YES;
				CLANG_CXX_LANGUAGE_STANDARD = "gnu++0x";
				CLANG_CXX_LIBRARY = "libc++";
				CLANG_ENABLE_MODULES = YES;
				CLANG_ENABLE_OBJC_ARC = YES;
				CLANG_WARN_BOOL_CONVERSION = YES;
				CLANG_WARN_CONSTANT_CONVERSION = YES;
				CLANG_WARN_DIRECT_OBJC_ISA_USAGE = YES_ERROR;
				CLANG_WARN_DOCUMENTATION_COMMENTS = YES;
				CLANG_WARN_EMPTY_BODY = YES;
				CLANG_WARN_ENUM_CONVERSION = YES;
				CLANG_WARN_INFINITE_RECURSION = YES;
				CLANG_WARN_INT_CONVERSION = YES;
				CLANG_WARN_OBJC_ROOT_CLASS = YES_ERROR;
				CLANG_WARN_SUSPICIOUS_MOVE = YES;
				CLANG_WARN_UNREACHABLE_CODE = YES;
				CLANG_WARN__DUPLICATE_METHOD_MATCH = YES;
				"CODE_SIGN_IDENTITY[sdk=iphoneos*]" = "iPhone Developer";
				COPY_PHASE_STRIP = NO;
				DEBUG_INFORMATION_FORMAT = dwarf;
				ENABLE_STRICT_OBJC_MSGSEND = YES;
				ENABLE_TESTABILITY = YES;
				GCC_C_LANGUAGE_STANDARD = gnu99;
				GCC_DYNAMIC_NO_PIC = NO;
				GCC_NO_COMMON_BLOCKS = YES;
				GCC_OPTIMIZATION_LEVEL = 0;
				GCC_PREPROCESSOR_DEFINITIONS = (
					"DEBUG=1",
					"$(inherited)",
				);
				GCC_WARN_64_TO_32_BIT_CONVERSION = YES;
				GCC_WARN_ABOUT_RETURN_TYPE = YES_ERROR;
				GCC_WARN_UNDECLARED_SELECTOR = YES;
				GCC_WARN_UNINITIALIZED_AUTOS = YES_AGGRESSIVE;
				GCC_WARN_UNUSED_FUNCTION = YES;
				GCC_WARN_UNUSED_VARIABLE = YES;
				IPHONEOS_DEPLOYMENT_TARGET = 10.2;
				MTL_ENABLE_DEBUG_INFO = YES;
				ONLY_ACTIVE_ARCH = YES;
				SDKROOT = iphoneos;
				SWIFT_ACTIVE_COMPILATION_CONDITIONS = DEBUG;
				SWIFT_OPTIMIZATION_LEVEL = "-Onone";
			};
			name = Debug;
		};
		205FEB481E6211110036CE80 /* Release */ = {
			isa = XCBuildConfiguration;
			buildSettings = {
				ALWAYS_SEARCH_USER_PATHS = NO;
				CLANG_ANALYZER_NONNULL = YES;
				CLANG_CXX_LANGUAGE_STANDARD = "gnu++0x";
				CLANG_CXX_LIBRARY = "libc++";
				CLANG_ENABLE_MODULES = YES;
				CLANG_ENABLE_OBJC_ARC = YES;
				CLANG_WARN_BOOL_CONVERSION = YES;
				CLANG_WARN_CONSTANT_CONVERSION = YES;
				CLANG_WARN_DIRECT_OBJC_ISA_USAGE = YES_ERROR;
				CLANG_WARN_DOCUMENTATION_COMMENTS = YES;
				CLANG_WARN_EMPTY_BODY = YES;
				CLANG_WARN_ENUM_CONVERSION = YES;
				CLANG_WARN_INFINITE_RECURSION = YES;
				CLANG_WARN_INT_CONVERSION = YES;
				CLANG_WARN_OBJC_ROOT_CLASS = YES_ERROR;
				CLANG_WARN_SUSPICIOUS_MOVE = YES;
				CLANG_WARN_UNREACHABLE_CODE = YES;
				CLANG_WARN__DUPLICATE_METHOD_MATCH = YES;
				"CODE_SIGN_IDENTITY[sdk=iphoneos*]" = "iPhone Developer";
				COPY_PHASE_STRIP = NO;
				DEBUG_INFORMATION_FORMAT = "dwarf-with-dsym";
				ENABLE_NS_ASSERTIONS = NO;
				ENABLE_STRICT_OBJC_MSGSEND = YES;
				GCC_C_LANGUAGE_STANDARD = gnu99;
				GCC_NO_COMMON_BLOCKS = YES;
				GCC_WARN_64_TO_32_BIT_CONVERSION = YES;
				GCC_WARN_ABOUT_RETURN_TYPE = YES_ERROR;
				GCC_WARN_UNDECLARED_SELECTOR = YES;
				GCC_WARN_UNINITIALIZED_AUTOS = YES_AGGRESSIVE;
				GCC_WARN_UNUSED_FUNCTION = YES;
				GCC_WARN_UNUSED_VARIABLE = YES;
				IPHONEOS_DEPLOYMENT_TARGET = 10.2;
				MTL_ENABLE_DEBUG_INFO = NO;
				SDKROOT = iphoneos;
				SWIFT_OPTIMIZATION_LEVEL = "-Owholemodule";
				VALIDATE_PRODUCT = YES;
			};
			name = Release;
		};
		205FEB4A1E6211110036CE80 /* Debug */ = {
			isa = XCBuildConfiguration;
			buildSettings = {
				ASSETCATALOG_COMPILER_APPICON_NAME = AppIcon;
				INFOPLIST_FILE = textSpeaker/Info.plist;
				LD_RUNPATH_SEARCH_PATHS = "$(inherited) @executable_path/Frameworks";
				PRODUCT_BUNDLE_IDENTIFIER = KaWing.textSpeaker;
				PRODUCT_NAME = "$(TARGET_NAME)";
				SWIFT_VERSION = 3.0;
			};
			name = Debug;
		};
		205FEB4B1E6211110036CE80 /* Release */ = {
			isa = XCBuildConfiguration;
			buildSettings = {
				ASSETCATALOG_COMPILER_APPICON_NAME = AppIcon;
				INFOPLIST_FILE = textSpeaker/Info.plist;
				LD_RUNPATH_SEARCH_PATHS = "$(inherited) @executable_path/Frameworks";
				PRODUCT_BUNDLE_IDENTIFIER = KaWing.textSpeaker;
				PRODUCT_NAME = "$(TARGET_NAME)";
				SWIFT_VERSION = 3.0;
			};
			name = Release;
		};
/* End XCBuildConfiguration section */

/* Begin XCConfigurationList section */
		205FEB321E6211110036CE80 /* Build configuration list for PBXProject "textSpeaker" */ = {
			isa = XCConfigurationList;
			buildConfigurations = (
				205FEB471E6211110036CE80 /* Debug */,
				205FEB481E6211110036CE80 /* Release */,
			);
			defaultConfigurationIsVisible = 0;
			defaultConfigurationName = Release;
		};
		205FEB491E6211110036CE80 /* Build configuration list for PBXNativeTarget "textSpeaker" */ = {
			isa = XCConfigurationList;
			buildConfigurations = (
				205FEB4A1E6211110036CE80 /* Debug */,
				205FEB4B1E6211110036CE80 /* Release */,
			);
			defaultConfigurationIsVisible = 0;
		};
/* End XCConfigurationList section */
	};
	rootObject = 205FEB2F1E6211110036CE80 /* Project object */;
}
